
Microsoft Visual Studio Solution File, Format Version 12.00
# Visual Studio Version 17
VisualStudioVersion = 17.1.32421.90
MinimumVisualStudioVersion = 10.0.40219.1
Project("{FAE04EC0-301F-11D3-BF4B-00C04F79EFBC}") = "MVC_DashBoard", "MVC_DashBoard\MVC_DashBoard.csproj", "{8852416A-8A6D-4426-BE98-AB3DB83CAFBA}"
EndProject
Global
	GlobalSection(SolutionConfigurationPlatforms) = preSolution
		Debug|Any CPU = Debug|Any CPU
		Release|Any CPU = Release|Any CPU
	EndGlobalSection
	GlobalSection(ProjectConfigurationPlatforms) = postSolution
		{8852416A-8A6D-4426-BE98-AB3DB83CAFBA}.Debug|Any CPU.ActiveCfg = Debug|Any CPU
		{8852416A-8A6D-4426-BE98-AB3DB83CAFBA}.Debug|Any CPU.Build.0 = Debug|Any CPU
		{8852416A-8A6D-4426-BE98-AB3DB83CAFBA}.Release|Any CPU.ActiveCfg = Release|Any CPU
		{8852416A-8A6D-4426-BE98-AB3DB83CAFBA}.Release|Any CPU.Build.0 = Release|Any CPU
	EndGlobalSection
	GlobalSection(SolutionProperties) = preSolution
		HideSolutionNode = FALSE
	EndGlobalSection
	GlobalSection(ExtensibilityGlobals) = postSolution
		SolutionGuid = {25CCE4F1-DB38-4681-A77B-FC3ED8C5A3F4}
	EndGlobalSection
EndGlobal
